
Microsoft Visual Studio Solution File, Format Version 12.00
# Visual Studio Version 16
VisualStudioVersion = 16.0.29709.97
MinimumVisualStudioVersion = 10.0.40219.1
Project("{9A19103F-16F7-4668-BE54-9A1E7A4F7556}") = "PrimerParcialAplicada2", "PrimerParcialAplicada2\PrimerParcialAplicada2.csproj", "{37BB1417-4AF1-4842-A924-E8BAC4F4F00D}"
EndProject
Project("{9A19103F-16F7-4668-BE54-9A1E7A4F7556}") = "UnitTestProject1", "UnitTestProject1\UnitTestProject1.csproj", "{B2F234B6-779D-4844-AA40-BBE94FBA7E23}"
EndProject
Global
	GlobalSection(SolutionConfigurationPlatforms) = preSolution
		Debug|Any CPU = Debug|Any CPU
		Release|Any CPU = Release|Any CPU
	EndGlobalSection
	GlobalSection(ProjectConfigurationPlatforms) = postSolution
		{37BB1417-4AF1-4842-A924-E8BAC4F4F00D}.Debug|Any CPU.ActiveCfg = Debug|Any CPU
		{37BB1417-4AF1-4842-A924-E8BAC4F4F00D}.Debug|Any CPU.Build.0 = Debug|Any CPU
		{37BB1417-4AF1-4842-A924-E8BAC4F4F00D}.Release|Any CPU.ActiveCfg = Release|Any CPU
		{37BB1417-4AF1-4842-A924-E8BAC4F4F00D}.Release|Any CPU.Build.0 = Release|Any CPU
		{B2F234B6-779D-4844-AA40-BBE94FBA7E23}.Debug|Any CPU.ActiveCfg = Debug|Any CPU
		{B2F234B6-779D-4844-AA40-BBE94FBA7E23}.Debug|Any CPU.Build.0 = Debug|Any CPU
		{B2F234B6-779D-4844-AA40-BBE94FBA7E23}.Release|Any CPU.ActiveCfg = Release|Any CPU
		{B2F234B6-779D-4844-AA40-BBE94FBA7E23}.Release|Any CPU.Build.0 = Release|Any CPU
	EndGlobalSection
	GlobalSection(SolutionProperties) = preSolution
		HideSolutionNode = FALSE
	EndGlobalSection
	GlobalSection(ExtensibilityGlobals) = postSolution
		SolutionGuid = {C294D26C-6F01-41C6-AB83-35C7647AF232}
	EndGlobalSection
EndGlobal
